
Microsoft Visual Studio Solution File, Format Version 12.00
# Visual Studio Version 17
VisualStudioVersion = 17.14.36327.8 d17.14
MinimumVisualStudioVersion = 10.0.40219.1
Project("{FAE04EC0-301F-11D3-BF4B-00C04F79EFBC}") = "Platform.Business", "Platform.Business.csproj", "{EDA9133D-F68C-438C-8905-AC1B0794610B}"
EndProject
Global
	GlobalSection(SolutionConfigurationPlatforms) = preSolution
		Debug|Any CPU = Debug|Any CPU
		Release|Any CPU = Release|Any CPU
	EndGlobalSection
	GlobalSection(ProjectConfigurationPlatforms) = postSolution
		{EDA9133D-F68C-438C-8905-AC1B0794610B}.Debug|Any CPU.ActiveCfg = Debug|Any CPU
		{EDA9133D-F68C-438C-8905-AC1B0794610B}.Debug|Any CPU.Build.0 = Debug|Any CPU
		{EDA9133D-F68C-438C-8905-AC1B0794610B}.Release|Any CPU.ActiveCfg = Release|Any CPU
		{EDA9133D-F68C-438C-8905-AC1B0794610B}.Release|Any CPU.Build.0 = Release|Any CPU
	EndGlobalSection
	GlobalSection(SolutionProperties) = preSolution
		HideSolutionNode = FALSE
	EndGlobalSection
	GlobalSection(ExtensibilityGlobals) = postSolution
		SolutionGuid = {FC6D5442-4FFE-4303-ABA8-9109CC9D124E}
	EndGlobalSection
EndGlobal
